// !$*UTF8*$!
{
	archiveVersion = 1;
	classes = {
	};
	objectVersion = 46;
	objects = {

/* Begin PBXBuildFile section */
		0E33CEB51E252E4F00255217 /* Compression.Deflate.swift in Sources */ = {isa = PBXBuildFile; fileRef = 0E33CEB41E252E4F00255217 /* Compression.Deflate.swift */; };
		0E33CEB61E252E4F00255217 /* Compression.Deflate.swift in Sources */ = {isa = PBXBuildFile; fileRef = 0E33CEB41E252E4F00255217 /* Compression.Deflate.swift */; };
		0E33CEB81E25318200255217 /* Zip.Unzip.swift in Sources */ = {isa = PBXBuildFile; fileRef = 0E33CEB71E25318200255217 /* Zip.Unzip.swift */; };
		0E33CEB91E25318200255217 /* Zip.Unzip.swift in Sources */ = {isa = PBXBuildFile; fileRef = 0E33CEB71E25318200255217 /* Zip.Unzip.swift */; };
		0E33CEBB1E2531AF00255217 /* Zip.Zip.swift in Sources */ = {isa = PBXBuildFile; fileRef = 0E33CEBA1E2531AF00255217 /* Zip.Zip.swift */; };
		0E33CEBC1E2531AF00255217 /* Zip.Zip.swift in Sources */ = {isa = PBXBuildFile; fileRef = 0E33CEBA1E2531AF00255217 /* Zip.Zip.swift */; };
		0E33CEBE1E2531EE00255217 /* Compression.Inflate.swift in Sources */ = {isa = PBXBuildFile; fileRef = 0E33CEBD1E2531EE00255217 /* Compression.Inflate.swift */; };
		0E33CEBF1E2531EE00255217 /* Compression.Inflate.swift in Sources */ = {isa = PBXBuildFile; fileRef = 0E33CEBD1E2531EE00255217 /* Compression.Inflate.swift */; };
		0E33CEC11E25335D00255217 /* IOStream.swift in Sources */ = {isa = PBXBuildFile; fileRef = 0E33CEC01E25335D00255217 /* IOStream.swift */; };
		0E33CEC21E25335D00255217 /* IOStream.swift in Sources */ = {isa = PBXBuildFile; fileRef = 0E33CEC01E25335D00255217 /* IOStream.swift */; };
		0E33CEC41E25339800255217 /* IOStream.FileStream.swift in Sources */ = {isa = PBXBuildFile; fileRef = 0E33CEC31E25339800255217 /* IOStream.FileStream.swift */; };
		0E33CEC51E25339800255217 /* IOStream.FileStream.swift in Sources */ = {isa = PBXBuildFile; fileRef = 0E33CEC31E25339800255217 /* IOStream.FileStream.swift */; };
		0E33CEC71E2533BE00255217 /* IOStream.MemoryStream.swift in Sources */ = {isa = PBXBuildFile; fileRef = 0E33CEC61E2533BE00255217 /* IOStream.MemoryStream.swift */; };
		0E33CEC81E2533BE00255217 /* IOStream.MemoryStream.swift in Sources */ = {isa = PBXBuildFile; fileRef = 0E33CEC61E2533BE00255217 /* IOStream.MemoryStream.swift */; };
		0E4483DB1E233F62003D7E7A /* BinaryUtility.swift in Sources */ = {isa = PBXBuildFile; fileRef = 0E4483DA1E233F62003D7E7A /* BinaryUtility.swift */; };
		0E4483DD1E2340FC003D7E7A /* Zip.Model.swift in Sources */ = {isa = PBXBuildFile; fileRef = 0E4483DC1E2340FC003D7E7A /* Zip.Model.swift */; };
		0E4483DE1E2340FC003D7E7A /* Zip.Model.swift in Sources */ = {isa = PBXBuildFile; fileRef = 0E4483DC1E2340FC003D7E7A /* Zip.Model.swift */; };
		0E4483DF1E235068003D7E7A /* BinaryUtility.swift in Sources */ = {isa = PBXBuildFile; fileRef = 0E4483DA1E233F62003D7E7A /* BinaryUtility.swift */; };
		0E4483E11E236415003D7E7A /* libz.tbd in Frameworks */ = {isa = PBXBuildFile; fileRef = 0E4483E01E236415003D7E7A /* libz.tbd */; };
		0E4483E31E236420003D7E7A /* libz.tbd in Frameworks */ = {isa = PBXBuildFile; fileRef = 0E4483E21E236420003D7E7A /* libz.tbd */; };
		0E4483EE1E2364D9003D7E7A /* Czlib.h in Headers */ = {isa = PBXBuildFile; fileRef = 0E4483EC1E2364D9003D7E7A /* Czlib.h */; settings = {ATTRIBUTES = (Public, ); }; };
		0E4483F31E23661B003D7E7A /* module.modulemap in Resources */ = {isa = PBXBuildFile; fileRef = 0E4483F21E23661B003D7E7A /* module.modulemap */; };
		0E4483F51E236685003D7E7A /* Czlib_.h in Headers */ = {isa = PBXBuildFile; fileRef = 0E4483F41E236685003D7E7A /* Czlib_.h */; settings = {ATTRIBUTES = (Public, ); }; };
		0E4483F71E23671A003D7E7A /* Czlib_.c in Sources */ = {isa = PBXBuildFile; fileRef = 0E4483F61E23671A003D7E7A /* Czlib_.c */; };
		0E89722A1DC7A88800948777 /* ZipArchive.framework in Frameworks */ = {isa = PBXBuildFile; fileRef = 0E8971F51DC7A6DB00948777 /* ZipArchive.framework */; };
		0ED1C1DC1E2290FC00ADD760 /* BaseTestCase.swift in Sources */ = {isa = PBXBuildFile; fileRef = 0ED1C1D61E2290ED00ADD760 /* BaseTestCase.swift */; };
		0ED1C1DD1E2290FC00ADD760 /* ZipArchiveTests.swift in Sources */ = {isa = PBXBuildFile; fileRef = 0ED1C1D71E2290ED00ADD760 /* ZipArchiveTests.swift */; };
		0ED1C1DE1E2290FC00ADD760 /* ZipFileTests.swift in Sources */ = {isa = PBXBuildFile; fileRef = 0ED1C1D81E2290ED00ADD760 /* ZipFileTests.swift */; };
		0ED1C1FA1E22ACDA00ADD760 /* ZipArchive.h in Headers */ = {isa = PBXBuildFile; fileRef = 0ED1C1EC1E22ACDA00ADD760 /* ZipArchive.h */; settings = {ATTRIBUTES = (Public, ); }; };
		0ED1C1FB1E22ACDA00ADD760 /* ZipArchive.swift in Sources */ = {isa = PBXBuildFile; fileRef = 0ED1C1ED1E22ACDA00ADD760 /* ZipArchive.swift */; };
		0ED1C1FC1E22ACDA00ADD760 /* ZipArchiveEntry.swift in Sources */ = {isa = PBXBuildFile; fileRef = 0ED1C1EE1E22ACDA00ADD760 /* ZipArchiveEntry.swift */; };
		0ED1C1FD1E22ACDA00ADD760 /* ZipArchiveEntryStream.swift in Sources */ = {isa = PBXBuildFile; fileRef = 0ED1C1EF1E22ACDA00ADD760 /* ZipArchiveEntryStream.swift */; };
		0ED1C1FE1E22ACDA00ADD760 /* ZipArchiveInputStream.swift in Sources */ = {isa = PBXBuildFile; fileRef = 0ED1C1F01E22ACDA00ADD760 /* ZipArchiveInputStream.swift */; };
		0ED1C1FF1E22ACDA00ADD760 /* ZipArchiveOutputStream.swift in Sources */ = {isa = PBXBuildFile; fileRef = 0ED1C1F11E22ACDA00ADD760 /* ZipArchiveOutputStream.swift */; };
		0ED1C2011E22ACDA00ADD760 /* ZipConstants.swift in Sources */ = {isa = PBXBuildFile; fileRef = 0ED1C1F31E22ACDA00ADD760 /* ZipConstants.swift */; };
		0ED1C2021E22ACDA00ADD760 /* ZipFile_ZipArchiveEntryExtension.swift in Sources */ = {isa = PBXBuildFile; fileRef = 0ED1C1F41E22ACDA00ADD760 /* ZipFile_ZipArchiveEntryExtension.swift */; };
		0ED1C2031E22ACDA00ADD760 /* ZipFile_ZipArchiveExtension.swift in Sources */ = {isa = PBXBuildFile; fileRef = 0ED1C1F51E22ACDA00ADD760 /* ZipFile_ZipArchiveExtension.swift */; };
		0ED1C2041E22ACDA00ADD760 /* ZipFile.swift in Sources */ = {isa = PBXBuildFile; fileRef = 0ED1C1F61E22ACDA00ADD760 /* ZipFile.swift */; };
		0ED1C2051E22ACDA00ADD760 /* ZipInMemory_ZipArchiveEntryExtension.swift in Sources */ = {isa = PBXBuildFile; fileRef = 0ED1C1F71E22ACDA00ADD760 /* ZipInMemory_ZipArchiveEntryExtension.swift */; };
		0ED1C2061E22ACDA00ADD760 /* ZipUtility.swift in Sources */ = {isa = PBXBuildFile; fileRef = 0ED1C1F81E22ACDA00ADD760 /* ZipUtility.swift */; };
		0ED1C2071E22ACF100ADD760 /* ZipArchive.h in Headers */ = {isa = PBXBuildFile; fileRef = 0ED1C1EC1E22ACDA00ADD760 /* ZipArchive.h */; settings = {ATTRIBUTES = (Public, ); }; };
		0ED1C2081E22ACFE00ADD760 /* ZipArchive.swift in Sources */ = {isa = PBXBuildFile; fileRef = 0ED1C1ED1E22ACDA00ADD760 /* ZipArchive.swift */; };
		0ED1C2091E22ACFE00ADD760 /* ZipArchiveEntry.swift in Sources */ = {isa = PBXBuildFile; fileRef = 0ED1C1EE1E22ACDA00ADD760 /* ZipArchiveEntry.swift */; };
		0ED1C20A1E22ACFE00ADD760 /* ZipArchiveEntryStream.swift in Sources */ = {isa = PBXBuildFile; fileRef = 0ED1C1EF1E22ACDA00ADD760 /* ZipArchiveEntryStream.swift */; };
		0ED1C20B1E22ACFE00ADD760 /* ZipArchiveInputStream.swift in Sources */ = {isa = PBXBuildFile; fileRef = 0ED1C1F01E22ACDA00ADD760 /* ZipArchiveInputStream.swift */; };
		0ED1C20C1E22ACFE00ADD760 /* ZipArchiveOutputStream.swift in Sources */ = {isa = PBXBuildFile; fileRef = 0ED1C1F11E22ACDA00ADD760 /* ZipArchiveOutputStream.swift */; };
		0ED1C20E1E22ACFE00ADD760 /* ZipConstants.swift in Sources */ = {isa = PBXBuildFile; fileRef = 0ED1C1F31E22ACDA00ADD760 /* ZipConstants.swift */; };
		0ED1C20F1E22ACFE00ADD760 /* ZipFile_ZipArchiveEntryExtension.swift in Sources */ = {isa = PBXBuildFile; fileRef = 0ED1C1F41E22ACDA00ADD760 /* ZipFile_ZipArchiveEntryExtension.swift */; };
		0ED1C2101E22ACFE00ADD760 /* ZipFile_ZipArchiveExtension.swift in Sources */ = {isa = PBXBuildFile; fileRef = 0ED1C1F51E22ACDA00ADD760 /* ZipFile_ZipArchiveExtension.swift */; };
		0ED1C2111E22ACFE00ADD760 /* ZipFile.swift in Sources */ = {isa = PBXBuildFile; fileRef = 0ED1C1F61E22ACDA00ADD760 /* ZipFile.swift */; };
		0ED1C2121E22ACFE00ADD760 /* ZipInMemory_ZipArchiveEntryExtension.swift in Sources */ = {isa = PBXBuildFile; fileRef = 0ED1C1F71E22ACDA00ADD760 /* ZipInMemory_ZipArchiveEntryExtension.swift */; };
		0ED1C2131E22ACFE00ADD760 /* ZipUtility.swift in Sources */ = {isa = PBXBuildFile; fileRef = 0ED1C1F81E22ACDA00ADD760 /* ZipUtility.swift */; };
		0ED707991E236824009348E8 /* Czlib.framework in Frameworks */ = {isa = PBXBuildFile; fileRef = 0E4483EA1E2364D9003D7E7A /* Czlib.framework */; };
/* End PBXBuildFile section */

/* Begin PBXContainerItemProxy section */
		0E89722B1DC7A88800948777 /* PBXContainerItemProxy */ = {
			isa = PBXContainerItemProxy;
			containerPortal = 0E8971591DC7A12800948777 /* Project object */;
			proxyType = 1;
			remoteGlobalIDString = 0E8971F41DC7A6DB00948777;
			remoteInfo = "ZipArchive-macOS";
		};
/* End PBXContainerItemProxy section */

/* Begin PBXFileReference section */
		0E33CEB41E252E4F00255217 /* Compression.Deflate.swift */ = {isa = PBXFileReference; fileEncoding = 4; lastKnownFileType = sourcecode.swift; path = Compression.Deflate.swift; sourceTree = "<group>"; };
		0E33CEB71E25318200255217 /* Zip.Unzip.swift */ = {isa = PBXFileReference; fileEncoding = 4; lastKnownFileType = sourcecode.swift; path = Zip.Unzip.swift; sourceTree = "<group>"; };
		0E33CEBA1E2531AF00255217 /* Zip.Zip.swift */ = {isa = PBXFileReference; fileEncoding = 4; lastKnownFileType = sourcecode.swift; path = Zip.Zip.swift; sourceTree = "<group>"; };
		0E33CEBD1E2531EE00255217 /* Compression.Inflate.swift */ = {isa = PBXFileReference; fileEncoding = 4; lastKnownFileType = sourcecode.swift; path = Compression.Inflate.swift; sourceTree = "<group>"; };
		0E33CEC01E25335D00255217 /* IOStream.swift */ = {isa = PBXFileReference; fileEncoding = 4; lastKnownFileType = sourcecode.swift; path = IOStream.swift; sourceTree = "<group>"; };
		0E33CEC31E25339800255217 /* IOStream.FileStream.swift */ = {isa = PBXFileReference; fileEncoding = 4; lastKnownFileType = sourcecode.swift; path = IOStream.FileStream.swift; sourceTree = "<group>"; };
		0E33CEC61E2533BE00255217 /* IOStream.MemoryStream.swift */ = {isa = PBXFileReference; fileEncoding = 4; lastKnownFileType = sourcecode.swift; path = IOStream.MemoryStream.swift; sourceTree = "<group>"; };
		0E4483DA1E233F62003D7E7A /* BinaryUtility.swift */ = {isa = PBXFileReference; fileEncoding = 4; lastKnownFileType = sourcecode.swift; path = BinaryUtility.swift; sourceTree = "<group>"; };
		0E4483DC1E2340FC003D7E7A /* Zip.Model.swift */ = {isa = PBXFileReference; fileEncoding = 4; lastKnownFileType = sourcecode.swift; path = Zip.Model.swift; sourceTree = "<group>"; };
		0E4483E01E236415003D7E7A /* libz.tbd */ = {isa = PBXFileReference; lastKnownFileType = "sourcecode.text-based-dylib-definition"; name = libz.tbd; path = usr/lib/libz.tbd; sourceTree = SDKROOT; };
		0E4483E21E236420003D7E7A /* libz.tbd */ = {isa = PBXFileReference; lastKnownFileType = "sourcecode.text-based-dylib-definition"; name = libz.tbd; path = Platforms/MacOSX.platform/Developer/SDKs/MacOSX10.12.sdk/usr/lib/libz.tbd; sourceTree = DEVELOPER_DIR; };
		0E4483EA1E2364D9003D7E7A /* Czlib.framework */ = {isa = PBXFileReference; explicitFileType = wrapper.framework; includeInIndex = 0; path = Czlib.framework; sourceTree = BUILT_PRODUCTS_DIR; };
		0E4483EC1E2364D9003D7E7A /* Czlib.h */ = {isa = PBXFileReference; lastKnownFileType = sourcecode.c.h; path = Czlib.h; sourceTree = "<group>"; };
		0E4483ED1E2364D9003D7E7A /* Info.plist */ = {isa = PBXFileReference; lastKnownFileType = text.plist.xml; path = Info.plist; sourceTree = "<group>"; };
		0E4483F21E23661B003D7E7A /* module.modulemap */ = {isa = PBXFileReference; fileEncoding = 4; lastKnownFileType = "sourcecode.module-map"; path = module.modulemap; sourceTree = "<group>"; };
		0E4483F41E236685003D7E7A /* Czlib_.h */ = {isa = PBXFileReference; fileEncoding = 4; lastKnownFileType = sourcecode.c.h; path = Czlib_.h; sourceTree = "<group>"; };
		0E4483F61E23671A003D7E7A /* Czlib_.c */ = {isa = PBXFileReference; fileEncoding = 4; lastKnownFileType = sourcecode.c.c; path = Czlib_.c; sourceTree = "<group>"; };
		0E8971621DC7A12800948777 /* ZipArchive.framework */ = {isa = PBXFileReference; explicitFileType = wrapper.framework; includeInIndex = 0; path = ZipArchive.framework; sourceTree = BUILT_PRODUCTS_DIR; };
		0E8971F51DC7A6DB00948777 /* ZipArchive.framework */ = {isa = PBXFileReference; explicitFileType = wrapper.framework; includeInIndex = 0; path = ZipArchive.framework; sourceTree = BUILT_PRODUCTS_DIR; };
		0E8972251DC7A88800948777 /* ZipArchiveTests-macOS.xctest */ = {isa = PBXFileReference; explicitFileType = wrapper.cfbundle; includeInIndex = 0; path = "ZipArchiveTests-macOS.xctest"; sourceTree = BUILT_PRODUCTS_DIR; };
		0ED1C1D61E2290ED00ADD760 /* BaseTestCase.swift */ = {isa = PBXFileReference; fileEncoding = 4; lastKnownFileType = sourcecode.swift; path = BaseTestCase.swift; sourceTree = "<group>"; };
		0ED1C1D71E2290ED00ADD760 /* ZipArchiveTests.swift */ = {isa = PBXFileReference; fileEncoding = 4; lastKnownFileType = sourcecode.swift; path = ZipArchiveTests.swift; sourceTree = "<group>"; };
		0ED1C1D81E2290ED00ADD760 /* ZipFileTests.swift */ = {isa = PBXFileReference; fileEncoding = 4; lastKnownFileType = sourcecode.swift; path = ZipFileTests.swift; sourceTree = "<group>"; };
		0ED1C1EB1E22ACDA00ADD760 /* Info.plist */ = {isa = PBXFileReference; fileEncoding = 4; lastKnownFileType = text.plist.xml; path = Info.plist; sourceTree = "<group>"; };
		0ED1C1EC1E22ACDA00ADD760 /* ZipArchive.h */ = {isa = PBXFileReference; fileEncoding = 4; lastKnownFileType = sourcecode.c.h; path = ZipArchive.h; sourceTree = "<group>"; };
		0ED1C1ED1E22ACDA00ADD760 /* ZipArchive.swift */ = {isa = PBXFileReference; fileEncoding = 4; lastKnownFileType = sourcecode.swift; path = ZipArchive.swift; sourceTree = "<group>"; };
		0ED1C1EE1E22ACDA00ADD760 /* ZipArchiveEntry.swift */ = {isa = PBXFileReference; fileEncoding = 4; lastKnownFileType = sourcecode.swift; path = ZipArchiveEntry.swift; sourceTree = "<group>"; };
		0ED1C1EF1E22ACDA00ADD760 /* ZipArchiveEntryStream.swift */ = {isa = PBXFileReference; fileEncoding = 4; lastKnownFileType = sourcecode.swift; path = ZipArchiveEntryStream.swift; sourceTree = "<group>"; };
		0ED1C1F01E22ACDA00ADD760 /* ZipArchiveInputStream.swift */ = {isa = PBXFileReference; fileEncoding = 4; lastKnownFileType = sourcecode.swift; path = ZipArchiveInputStream.swift; sourceTree = "<group>"; };
		0ED1C1F11E22ACDA00ADD760 /* ZipArchiveOutputStream.swift */ = {isa = PBXFileReference; fileEncoding = 4; lastKnownFileType = sourcecode.swift; path = ZipArchiveOutputStream.swift; sourceTree = "<group>"; };
		0ED1C1F31E22ACDA00ADD760 /* ZipConstants.swift */ = {isa = PBXFileReference; fileEncoding = 4; lastKnownFileType = sourcecode.swift; path = ZipConstants.swift; sourceTree = "<group>"; };
		0ED1C1F41E22ACDA00ADD760 /* ZipFile_ZipArchiveEntryExtension.swift */ = {isa = PBXFileReference; fileEncoding = 4; lastKnownFileType = sourcecode.swift; path = ZipFile_ZipArchiveEntryExtension.swift; sourceTree = "<group>"; };
		0ED1C1F51E22ACDA00ADD760 /* ZipFile_ZipArchiveExtension.swift */ = {isa = PBXFileReference; fileEncoding = 4; lastKnownFileType = sourcecode.swift; path = ZipFile_ZipArchiveExtension.swift; sourceTree = "<group>"; };
		0ED1C1F61E22ACDA00ADD760 /* ZipFile.swift */ = {isa = PBXFileReference; fileEncoding = 4; lastKnownFileType = sourcecode.swift; path = ZipFile.swift; sourceTree = "<group>"; };
		0ED1C1F71E22ACDA00ADD760 /* ZipInMemory_ZipArchiveEntryExtension.swift */ = {isa = PBXFileReference; fileEncoding = 4; lastKnownFileType = sourcecode.swift; path = ZipInMemory_ZipArchiveEntryExtension.swift; sourceTree = "<group>"; };
		0ED1C1F81E22ACDA00ADD760 /* ZipUtility.swift */ = {isa = PBXFileReference; fileEncoding = 4; lastKnownFileType = sourcecode.swift; path = ZipUtility.swift; sourceTree = "<group>"; };
		0ED1C2141E22AD6800ADD760 /* Info.plist */ = {isa = PBXFileReference; fileEncoding = 4; lastKnownFileType = text.plist.xml; path = Info.plist; sourceTree = "<group>"; };
/* End PBXFileReference section */

/* Begin PBXFrameworksBuildPhase section */
		0E4483E61E2364D9003D7E7A /* Frameworks */ = {
			isa = PBXFrameworksBuildPhase;
			buildActionMask = 2147483647;
			files = (
			);
			runOnlyForDeploymentPostprocessing = 0;
		};
		0E89715E1DC7A12800948777 /* Frameworks */ = {
			isa = PBXFrameworksBuildPhase;
			buildActionMask = 2147483647;
			files = (
				0E4483E11E236415003D7E7A /* libz.tbd in Frameworks */,
			);
			runOnlyForDeploymentPostprocessing = 0;
		};
		0E8971F11DC7A6DB00948777 /* Frameworks */ = {
			isa = PBXFrameworksBuildPhase;
			buildActionMask = 2147483647;
			files = (
				0ED707991E236824009348E8 /* Czlib.framework in Frameworks */,
				0E4483E31E236420003D7E7A /* libz.tbd in Frameworks */,
			);
			runOnlyForDeploymentPostprocessing = 0;
		};
		0E8972221DC7A88800948777 /* Frameworks */ = {
			isa = PBXFrameworksBuildPhase;
			buildActionMask = 2147483647;
			files = (
				0E89722A1DC7A88800948777 /* ZipArchive.framework in Frameworks */,
			);
			runOnlyForDeploymentPostprocessing = 0;
		};
/* End PBXFrameworksBuildPhase section */

/* Begin PBXGroup section */
		0E4483EB1E2364D9003D7E7A /* Czlib */ = {
			isa = PBXGroup;
			children = (
				0E4483F61E23671A003D7E7A /* Czlib_.c */,
				0E4483F41E236685003D7E7A /* Czlib_.h */,
				0E4483EC1E2364D9003D7E7A /* Czlib.h */,
				0E4483ED1E2364D9003D7E7A /* Info.plist */,
				0E4483F21E23661B003D7E7A /* module.modulemap */,
			);
			path = Czlib;
			sourceTree = "<group>";
		};
		0E8971581DC7A12800948777 = {
			isa = PBXGroup;
			children = (
				0E89716D1DC7A15C00948777 /* Sources */,
				0E8971B21DC7A55100948777 /* Tests */,
				0E4483EB1E2364D9003D7E7A /* Czlib */,
				0E8971631DC7A12800948777 /* Products */,
				0E8971A61DC7A1B500948777 /* Frameworks */,
			);
			sourceTree = "<group>";
		};
		0E8971631DC7A12800948777 /* Products */ = {
			isa = PBXGroup;
			children = (
				0E8971621DC7A12800948777 /* ZipArchive.framework */,
				0E8971F51DC7A6DB00948777 /* ZipArchive.framework */,
				0E8972251DC7A88800948777 /* ZipArchiveTests-macOS.xctest */,
				0E4483EA1E2364D9003D7E7A /* Czlib.framework */,
			);
			name = Products;
			sourceTree = "<group>";
		};
		0E89716D1DC7A15C00948777 /* Sources */ = {
			isa = PBXGroup;
			children = (
				0E4483DA1E233F62003D7E7A /* BinaryUtility.swift */,
				0ED1C1EB1E22ACDA00ADD760 /* Info.plist */,
				0ED1C1EC1E22ACDA00ADD760 /* ZipArchive.h */,
				0ED1C1ED1E22ACDA00ADD760 /* ZipArchive.swift */,
				0ED1C1EE1E22ACDA00ADD760 /* ZipArchiveEntry.swift */,
				0ED1C1EF1E22ACDA00ADD760 /* ZipArchiveEntryStream.swift */,
				0ED1C1F01E22ACDA00ADD760 /* ZipArchiveInputStream.swift */,
				0ED1C1F11E22ACDA00ADD760 /* ZipArchiveOutputStream.swift */,
				0ED1C1F31E22ACDA00ADD760 /* ZipConstants.swift */,
				0ED1C1F41E22ACDA00ADD760 /* ZipFile_ZipArchiveEntryExtension.swift */,
				0ED1C1F51E22ACDA00ADD760 /* ZipFile_ZipArchiveExtension.swift */,
				0ED1C1F61E22ACDA00ADD760 /* ZipFile.swift */,
				0ED1C1F71E22ACDA00ADD760 /* ZipInMemory_ZipArchiveEntryExtension.swift */,
				0ED1C1F81E22ACDA00ADD760 /* ZipUtility.swift */,
				0E33CEB41E252E4F00255217 /* Compression.Deflate.swift */,
				0E33CEBD1E2531EE00255217 /* Compression.Inflate.swift */,
				0E4483DC1E2340FC003D7E7A /* Zip.Model.swift */,
				0E33CEB71E25318200255217 /* Zip.Unzip.swift */,
				0E33CEBA1E2531AF00255217 /* Zip.Zip.swift */,
				0E33CEC01E25335D00255217 /* IOStream.swift */,
				0E33CEC31E25339800255217 /* IOStream.FileStream.swift */,
				0E33CEC61E2533BE00255217 /* IOStream.MemoryStream.swift */,
			);
			path = Sources;
			sourceTree = "<group>";
		};
		0E8971A61DC7A1B500948777 /* Frameworks */ = {
			isa = PBXGroup;
			children = (
				0E4483E21E236420003D7E7A /* libz.tbd */,
				0E4483E01E236415003D7E7A /* libz.tbd */,
			);
			name = Frameworks;
			sourceTree = "<group>";
		};
		0E8971B21DC7A55100948777 /* Tests */ = {
			isa = PBXGroup;
			children = (
				0ED1C2141E22AD6800ADD760 /* Info.plist */,
				0ED1C1D51E2290ED00ADD760 /* ZipArchiveTests */,
			);
			path = Tests;
			sourceTree = "<group>";
		};
		0ED1C1D51E2290ED00ADD760 /* ZipArchiveTests */ = {
			isa = PBXGroup;
			children = (
				0ED1C1D61E2290ED00ADD760 /* BaseTestCase.swift */,
				0ED1C1D71E2290ED00ADD760 /* ZipArchiveTests.swift */,
				0ED1C1D81E2290ED00ADD760 /* ZipFileTests.swift */,
			);
			path = ZipArchiveTests;
			sourceTree = "<group>";
		};
/* End PBXGroup section */

/* Begin PBXHeadersBuildPhase section */
		0E4483E71E2364D9003D7E7A /* Headers */ = {
			isa = PBXHeadersBuildPhase;
			buildActionMask = 2147483647;
			files = (
				0E4483EE1E2364D9003D7E7A /* Czlib.h in Headers */,
				0E4483F51E236685003D7E7A /* Czlib_.h in Headers */,
			);
			runOnlyForDeploymentPostprocessing = 0;
		};
		0E89715F1DC7A12800948777 /* Headers */ = {
			isa = PBXHeadersBuildPhase;
			buildActionMask = 2147483647;
			files = (
				0ED1C1FA1E22ACDA00ADD760 /* ZipArchive.h in Headers */,
			);
			runOnlyForDeploymentPostprocessing = 0;
		};
		0E8971F21DC7A6DB00948777 /* Headers */ = {
			isa = PBXHeadersBuildPhase;
			buildActionMask = 2147483647;
			files = (
				0ED1C2071E22ACF100ADD760 /* ZipArchive.h in Headers */,
			);
			runOnlyForDeploymentPostprocessing = 0;
		};
/* End PBXHeadersBuildPhase section */

/* Begin PBXNativeTarget section */
		0E4483E91E2364D9003D7E7A /* Czlib-macOS */ = {
			isa = PBXNativeTarget;
			buildConfigurationList = 0E4483EF1E2364D9003D7E7A /* Build configuration list for PBXNativeTarget "Czlib-macOS" */;
			buildPhases = (
				0E4483E51E2364D9003D7E7A /* Sources */,
				0E4483E61E2364D9003D7E7A /* Frameworks */,
				0E4483E71E2364D9003D7E7A /* Headers */,
				0E4483E81E2364D9003D7E7A /* Resources */,
			);
			buildRules = (
			);
			dependencies = (
			);
			name = "Czlib-macOS";
			productName = Czlib;
			productReference = 0E4483EA1E2364D9003D7E7A /* Czlib.framework */;
			productType = "com.apple.product-type.framework";
		};
		0E8971611DC7A12800948777 /* ZipArchive */ = {
			isa = PBXNativeTarget;
			buildConfigurationList = 0E89716A1DC7A12800948777 /* Build configuration list for PBXNativeTarget "ZipArchive" */;
			buildPhases = (
				0E89715D1DC7A12800948777 /* Sources */,
				0E89715E1DC7A12800948777 /* Frameworks */,
				0E89715F1DC7A12800948777 /* Headers */,
				0E8971601DC7A12800948777 /* Resources */,
			);
			buildRules = (
			);
			dependencies = (
			);
			name = ZipArchive;
			productName = ZipArchive;
			productReference = 0E8971621DC7A12800948777 /* ZipArchive.framework */;
			productType = "com.apple.product-type.framework";
		};
		0E8971F41DC7A6DB00948777 /* ZipArchive-macOS */ = {
			isa = PBXNativeTarget;
			buildConfigurationList = 0E8971FA1DC7A6DB00948777 /* Build configuration list for PBXNativeTarget "ZipArchive-macOS" */;
			buildPhases = (
				0E8971F01DC7A6DB00948777 /* Sources */,
				0E8971F11DC7A6DB00948777 /* Frameworks */,
				0E8971F21DC7A6DB00948777 /* Headers */,
				0E8971F31DC7A6DB00948777 /* Resources */,
			);
			buildRules = (
			);
			dependencies = (
			);
			name = "ZipArchive-macOS";
			productName = "ZipArchive-macOS";
			productReference = 0E8971F51DC7A6DB00948777 /* ZipArchive.framework */;
			productType = "com.apple.product-type.framework";
		};
		0E8972241DC7A88800948777 /* ZipArchiveTests-macOS */ = {
			isa = PBXNativeTarget;
			buildConfigurationList = 0E89722D1DC7A88800948777 /* Build configuration list for PBXNativeTarget "ZipArchiveTests-macOS" */;
			buildPhases = (
				0E8972211DC7A88800948777 /* Sources */,
				0E8972221DC7A88800948777 /* Frameworks */,
				0E8972231DC7A88800948777 /* Resources */,
			);
			buildRules = (
			);
			dependencies = (
				0E89722C1DC7A88800948777 /* PBXTargetDependency */,
			);
			name = "ZipArchiveTests-macOS";
			productName = "ZipArchiveTests-macOS";
			productReference = 0E8972251DC7A88800948777 /* ZipArchiveTests-macOS.xctest */;
			productType = "com.apple.product-type.bundle.unit-test";
		};
/* End PBXNativeTarget section */

/* Begin PBXProject section */
		0E8971591DC7A12800948777 /* Project object */ = {
			isa = PBXProject;
			attributes = {
				LastSwiftUpdateCheck = 0810;
				LastUpgradeCheck = 0820;
				ORGANIZATIONNAME = yaslab;
				TargetAttributes = {
					0E4483E91E2364D9003D7E7A = {
						CreatedOnToolsVersion = 8.2.1;
						ProvisioningStyle = Automatic;
					};
					0E8971611DC7A12800948777 = {
						CreatedOnToolsVersion = 8.1;
						LastSwiftMigration = 0820;
						ProvisioningStyle = Automatic;
					};
					0E8971F41DC7A6DB00948777 = {
						CreatedOnToolsVersion = 8.1;
						ProvisioningStyle = Automatic;
					};
					0E8972241DC7A88800948777 = {
						CreatedOnToolsVersion = 8.1;
						ProvisioningStyle = Automatic;
					};
				};
			};
			buildConfigurationList = 0E89715C1DC7A12800948777 /* Build configuration list for PBXProject "ZipArchive" */;
			compatibilityVersion = "Xcode 3.2";
			developmentRegion = English;
			hasScannedForEncodings = 0;
			knownRegions = (
				en,
			);
			mainGroup = 0E8971581DC7A12800948777;
			productRefGroup = 0E8971631DC7A12800948777 /* Products */;
			projectDirPath = "";
			projectRoot = "";
			targets = (
				0E8971611DC7A12800948777 /* ZipArchive */,
				0E8971F41DC7A6DB00948777 /* ZipArchive-macOS */,
				0E8972241DC7A88800948777 /* ZipArchiveTests-macOS */,
				0E4483E91E2364D9003D7E7A /* Czlib-macOS */,
			);
		};
/* End PBXProject section */

/* Begin PBXResourcesBuildPhase section */
		0E4483E81E2364D9003D7E7A /* Resources */ = {
			isa = PBXResourcesBuildPhase;
			buildActionMask = 2147483647;
			files = (
				0E4483F31E23661B003D7E7A /* module.modulemap in Resources */,
			);
			runOnlyForDeploymentPostprocessing = 0;
		};
		0E8971601DC7A12800948777 /* Resources */ = {
			isa = PBXResourcesBuildPhase;
			buildActionMask = 2147483647;
			files = (
			);
			runOnlyForDeploymentPostprocessing = 0;
		};
		0E8971F31DC7A6DB00948777 /* Resources */ = {
			isa = PBXResourcesBuildPhase;
			buildActionMask = 2147483647;
			files = (
			);
			runOnlyForDeploymentPostprocessing = 0;
		};
		0E8972231DC7A88800948777 /* Resources */ = {
			isa = PBXResourcesBuildPhase;
			buildActionMask = 2147483647;
			files = (
			);
			runOnlyForDeploymentPostprocessing = 0;
		};
/* End PBXResourcesBuildPhase section */

/* Begin PBXSourcesBuildPhase section */
		0E4483E51E2364D9003D7E7A /* Sources */ = {
			isa = PBXSourcesBuildPhase;
			buildActionMask = 2147483647;
			files = (
				0E4483F71E23671A003D7E7A /* Czlib_.c in Sources */,
			);
			runOnlyForDeploymentPostprocessing = 0;
		};
		0E89715D1DC7A12800948777 /* Sources */ = {
			isa = PBXSourcesBuildPhase;
			buildActionMask = 2147483647;
			files = (
				0E4483DD1E2340FC003D7E7A /* Zip.Model.swift in Sources */,
				0E33CEB81E25318200255217 /* Zip.Unzip.swift in Sources */,
				0E33CEC71E2533BE00255217 /* IOStream.MemoryStream.swift in Sources */,
				0E33CEB51E252E4F00255217 /* Compression.Deflate.swift in Sources */,
				0E33CEC41E25339800255217 /* IOStream.FileStream.swift in Sources */,
				0ED1C2041E22ACDA00ADD760 /* ZipFile.swift in Sources */,
				0E33CEC11E25335D00255217 /* IOStream.swift in Sources */,
				0ED1C1FF1E22ACDA00ADD760 /* ZipArchiveOutputStream.swift in Sources */,
				0ED1C1FD1E22ACDA00ADD760 /* ZipArchiveEntryStream.swift in Sources */,
				0E33CEBE1E2531EE00255217 /* Compression.Inflate.swift in Sources */,
				0ED1C2051E22ACDA00ADD760 /* ZipInMemory_ZipArchiveEntryExtension.swift in Sources */,
				0ED1C1FB1E22ACDA00ADD760 /* ZipArchive.swift in Sources */,
				0ED1C2061E22ACDA00ADD760 /* ZipUtility.swift in Sources */,
				0ED1C1FC1E22ACDA00ADD760 /* ZipArchiveEntry.swift in Sources */,
				0E33CEBB1E2531AF00255217 /* Zip.Zip.swift in Sources */,
				0E4483DB1E233F62003D7E7A /* BinaryUtility.swift in Sources */,
				0ED1C1FE1E22ACDA00ADD760 /* ZipArchiveInputStream.swift in Sources */,
				0ED1C2031E22ACDA00ADD760 /* ZipFile_ZipArchiveExtension.swift in Sources */,
				0ED1C2011E22ACDA00ADD760 /* ZipConstants.swift in Sources */,
				0ED1C2021E22ACDA00ADD760 /* ZipFile_ZipArchiveEntryExtension.swift in Sources */,
			);
			runOnlyForDeploymentPostprocessing = 0;
		};
		0E8971F01DC7A6DB00948777 /* Sources */ = {
			isa = PBXSourcesBuildPhase;
			buildActionMask = 2147483647;
			files = (
				0E33CEB91E25318200255217 /* Zip.Unzip.swift in Sources */,
				0E4483DE1E2340FC003D7E7A /* Zip.Model.swift in Sources */,
				0E33CEC81E2533BE00255217 /* IOStream.MemoryStream.swift in Sources */,
				0E33CEB61E252E4F00255217 /* Compression.Deflate.swift in Sources */,
				0E33CEC51E25339800255217 /* IOStream.FileStream.swift in Sources */,
				0ED1C2111E22ACFE00ADD760 /* ZipFile.swift in Sources */,
				0E33CEC21E25335D00255217 /* IOStream.swift in Sources */,
				0ED1C20C1E22ACFE00ADD760 /* ZipArchiveOutputStream.swift in Sources */,
				0ED1C20A1E22ACFE00ADD760 /* ZipArchiveEntryStream.swift in Sources */,
				0E33CEBF1E2531EE00255217 /* Compression.Inflate.swift in Sources */,
				0E4483DF1E235068003D7E7A /* BinaryUtility.swift in Sources */,
				0ED1C2121E22ACFE00ADD760 /* ZipInMemory_ZipArchiveEntryExtension.swift in Sources */,
				0ED1C2081E22ACFE00ADD760 /* ZipArchive.swift in Sources */,
				0ED1C2131E22ACFE00ADD760 /* ZipUtility.swift in Sources */,
				0E33CEBC1E2531AF00255217 /* Zip.Zip.swift in Sources */,
				0ED1C2091E22ACFE00ADD760 /* ZipArchiveEntry.swift in Sources */,
				0ED1C20B1E22ACFE00ADD760 /* ZipArchiveInputStream.swift in Sources */,
				0ED1C2101E22ACFE00ADD760 /* ZipFile_ZipArchiveExtension.swift in Sources */,
				0ED1C20E1E22ACFE00ADD760 /* ZipConstants.swift in Sources */,
				0ED1C20F1E22ACFE00ADD760 /* ZipFile_ZipArchiveEntryExtension.swift in Sources */,
			);
			runOnlyForDeploymentPostprocessing = 0;
		};
		0E8972211DC7A88800948777 /* Sources */ = {
			isa = PBXSourcesBuildPhase;
			buildActionMask = 2147483647;
			files = (
				0ED1C1DC1E2290FC00ADD760 /* BaseTestCase.swift in Sources */,
				0ED1C1DE1E2290FC00ADD760 /* ZipFileTests.swift in Sources */,
				0ED1C1DD1E2290FC00ADD760 /* ZipArchiveTests.swift in Sources */,
			);
			runOnlyForDeploymentPostprocessing = 0;
		};
/* End PBXSourcesBuildPhase section */

/* Begin PBXTargetDependency section */
		0E89722C1DC7A88800948777 /* PBXTargetDependency */ = {
			isa = PBXTargetDependency;
			target = 0E8971F41DC7A6DB00948777 /* ZipArchive-macOS */;
			targetProxy = 0E89722B1DC7A88800948777 /* PBXContainerItemProxy */;
		};
/* End PBXTargetDependency section */

/* Begin XCBuildConfiguration section */
		0E4483F01E2364D9003D7E7A /* Debug */ = {
			isa = XCBuildConfiguration;
			buildSettings = {
				CODE_SIGN_IDENTITY = "-";
				COMBINE_HIDPI_IMAGES = YES;
				DEFINES_MODULE = YES;
				DYLIB_COMPATIBILITY_VERSION = 1;
				DYLIB_CURRENT_VERSION = 1;
				DYLIB_INSTALL_NAME_BASE = "@rpath";
				FRAMEWORK_VERSION = A;
				INFOPLIST_FILE = Czlib/Info.plist;
				INSTALL_PATH = "$(LOCAL_LIBRARY_DIR)/Frameworks";
				LD_RUNPATH_SEARCH_PATHS = "$(inherited) @executable_path/../Frameworks @loader_path/Frameworks";
				MODULEMAP_FILE = Czlib/module.modulemap;
				PRODUCT_BUNDLE_IDENTIFIER = net.yaslab.Czlib;
				PRODUCT_NAME = Czlib;
				SDKROOT = macosx;
				SKIP_INSTALL = YES;
			};
			name = Debug;
		};
		0E4483F11E2364D9003D7E7A /* Release */ = {
			isa = XCBuildConfiguration;
			buildSettings = {
				CODE_SIGN_IDENTITY = "-";
				COMBINE_HIDPI_IMAGES = YES;
				DEFINES_MODULE = YES;
				DYLIB_COMPATIBILITY_VERSION = 1;
				DYLIB_CURRENT_VERSION = 1;
				DYLIB_INSTALL_NAME_BASE = "@rpath";
				FRAMEWORK_VERSION = A;
				INFOPLIST_FILE = Czlib/Info.plist;
				INSTALL_PATH = "$(LOCAL_LIBRARY_DIR)/Frameworks";
				LD_RUNPATH_SEARCH_PATHS = "$(inherited) @executable_path/../Frameworks @loader_path/Frameworks";
				MODULEMAP_FILE = Czlib/module.modulemap;
				PRODUCT_BUNDLE_IDENTIFIER = net.yaslab.Czlib;
				PRODUCT_NAME = Czlib;
				SDKROOT = macosx;
				SKIP_INSTALL = YES;
			};
			name = Release;
		};
		0E8971681DC7A12800948777 /* Debug */ = {
			isa = XCBuildConfiguration;
			buildSettings = {
				ALWAYS_SEARCH_USER_PATHS = NO;
				CLANG_ANALYZER_NONNULL = YES;
				CLANG_CXX_LANGUAGE_STANDARD = "gnu++0x";
				CLANG_CXX_LIBRARY = "libc++";
				CLANG_ENABLE_MODULES = YES;
				CLANG_ENABLE_OBJC_ARC = YES;
				CLANG_WARN_BOOL_CONVERSION = YES;
				CLANG_WARN_CONSTANT_CONVERSION = YES;
				CLANG_WARN_DIRECT_OBJC_ISA_USAGE = YES_ERROR;
				CLANG_WARN_DOCUMENTATION_COMMENTS = YES;
				CLANG_WARN_EMPTY_BODY = YES;
				CLANG_WARN_ENUM_CONVERSION = YES;
				CLANG_WARN_INFINITE_RECURSION = YES;
				CLANG_WARN_INT_CONVERSION = YES;
				CLANG_WARN_OBJC_ROOT_CLASS = YES_ERROR;
				CLANG_WARN_SUSPICIOUS_MOVE = YES;
				CLANG_WARN_SUSPICIOUS_MOVES = YES;
				CLANG_WARN_UNREACHABLE_CODE = YES;
				CLANG_WARN__DUPLICATE_METHOD_MATCH = YES;
				"CODE_SIGN_IDENTITY[sdk=iphoneos*]" = "iPhone Developer";
				COPY_PHASE_STRIP = NO;
				CURRENT_PROJECT_VERSION = 1;
				DEBUG_INFORMATION_FORMAT = dwarf;
				ENABLE_STRICT_OBJC_MSGSEND = YES;
				ENABLE_TESTABILITY = YES;
				GCC_C_LANGUAGE_STANDARD = gnu99;
				GCC_DYNAMIC_NO_PIC = NO;
				GCC_NO_COMMON_BLOCKS = YES;
				GCC_OPTIMIZATION_LEVEL = 0;
				GCC_PREPROCESSOR_DEFINITIONS = (
					"DEBUG=1",
					"$(inherited)",
				);
				GCC_WARN_64_TO_32_BIT_CONVERSION = YES;
				GCC_WARN_ABOUT_RETURN_TYPE = YES_ERROR;
				GCC_WARN_UNDECLARED_SELECTOR = YES;
				GCC_WARN_UNINITIALIZED_AUTOS = YES_AGGRESSIVE;
				GCC_WARN_UNUSED_FUNCTION = YES;
				GCC_WARN_UNUSED_VARIABLE = YES;
				IPHONEOS_DEPLOYMENT_TARGET = 8.0;
				MACOSX_DEPLOYMENT_TARGET = 10.9;
				MTL_ENABLE_DEBUG_INFO = YES;
				ONLY_ACTIVE_ARCH = YES;
				SDKROOT = iphoneos;
				SWIFT_ACTIVE_COMPILATION_CONDITIONS = DEBUG;
				SWIFT_OPTIMIZATION_LEVEL = "-Onone";
				TARGETED_DEVICE_FAMILY = "1,2";
				VERSIONING_SYSTEM = "apple-generic";
				VERSION_INFO_PREFIX = "";
			};
			name = Debug;
		};
		0E8971691DC7A12800948777 /* Release */ = {
			isa = XCBuildConfiguration;
			buildSettings = {
				ALWAYS_SEARCH_USER_PATHS = NO;
				CLANG_ANALYZER_NONNULL = YES;
				CLANG_CXX_LANGUAGE_STANDARD = "gnu++0x";
				CLANG_CXX_LIBRARY = "libc++";
				CLANG_ENABLE_MODULES = YES;
				CLANG_ENABLE_OBJC_ARC = YES;
				CLANG_WARN_BOOL_CONVERSION = YES;
				CLANG_WARN_CONSTANT_CONVERSION = YES;
				CLANG_WARN_DIRECT_OBJC_ISA_USAGE = YES_ERROR;
				CLANG_WARN_DOCUMENTATION_COMMENTS = YES;
				CLANG_WARN_EMPTY_BODY = YES;
				CLANG_WARN_ENUM_CONVERSION = YES;
				CLANG_WARN_INFINITE_RECURSION = YES;
				CLANG_WARN_INT_CONVERSION = YES;
				CLANG_WARN_OBJC_ROOT_CLASS = YES_ERROR;
				CLANG_WARN_SUSPICIOUS_MOVE = YES;
				CLANG_WARN_SUSPICIOUS_MOVES = YES;
				CLANG_WARN_UNREACHABLE_CODE = YES;
				CLANG_WARN__DUPLICATE_METHOD_MATCH = YES;
				"CODE_SIGN_IDENTITY[sdk=iphoneos*]" = "iPhone Developer";
				COPY_PHASE_STRIP = NO;
				CURRENT_PROJECT_VERSION = 1;
				DEBUG_INFORMATION_FORMAT = "dwarf-with-dsym";
				ENABLE_NS_ASSERTIONS = NO;
				ENABLE_STRICT_OBJC_MSGSEND = YES;
				GCC_C_LANGUAGE_STANDARD = gnu99;
				GCC_NO_COMMON_BLOCKS = YES;
				GCC_WARN_64_TO_32_BIT_CONVERSION = YES;
				GCC_WARN_ABOUT_RETURN_TYPE = YES_ERROR;
				GCC_WARN_UNDECLARED_SELECTOR = YES;
				GCC_WARN_UNINITIALIZED_AUTOS = YES_AGGRESSIVE;
				GCC_WARN_UNUSED_FUNCTION = YES;
				GCC_WARN_UNUSED_VARIABLE = YES;
				IPHONEOS_DEPLOYMENT_TARGET = 8.0;
				MACOSX_DEPLOYMENT_TARGET = 10.9;
				MTL_ENABLE_DEBUG_INFO = NO;
				SDKROOT = iphoneos;
				SWIFT_OPTIMIZATION_LEVEL = "-Owholemodule";
				TARGETED_DEVICE_FAMILY = "1,2";
				VALIDATE_PRODUCT = YES;
				VERSIONING_SYSTEM = "apple-generic";
				VERSION_INFO_PREFIX = "";
			};
			name = Release;
		};
		0E89716B1DC7A12800948777 /* Debug */ = {
			isa = XCBuildConfiguration;
			buildSettings = {
				CLANG_ENABLE_MODULES = YES;
				CODE_SIGN_IDENTITY = "";
				DEFINES_MODULE = YES;
				DYLIB_COMPATIBILITY_VERSION = 1;
				DYLIB_CURRENT_VERSION = 1;
				DYLIB_INSTALL_NAME_BASE = "@rpath";
				INFOPLIST_FILE = Sources/Info.plist;
				INSTALL_PATH = "$(LOCAL_LIBRARY_DIR)/Frameworks";
				LD_RUNPATH_SEARCH_PATHS = "$(inherited) @executable_path/Frameworks @loader_path/Frameworks";
				PRODUCT_BUNDLE_IDENTIFIER = net.yaslab.ZipArchive;
				PRODUCT_NAME = "$(TARGET_NAME)";
				SKIP_INSTALL = YES;
				SWIFT_OPTIMIZATION_LEVEL = "-Onone";
				SWIFT_VERSION = 3.0;
			};
			name = Debug;
		};
		0E89716C1DC7A12800948777 /* Release */ = {
			isa = XCBuildConfiguration;
			buildSettings = {
				CLANG_ENABLE_MODULES = YES;
				CODE_SIGN_IDENTITY = "";
				DEFINES_MODULE = YES;
				DYLIB_COMPATIBILITY_VERSION = 1;
				DYLIB_CURRENT_VERSION = 1;
				DYLIB_INSTALL_NAME_BASE = "@rpath";
				INFOPLIST_FILE = Sources/Info.plist;
				INSTALL_PATH = "$(LOCAL_LIBRARY_DIR)/Frameworks";
				LD_RUNPATH_SEARCH_PATHS = "$(inherited) @executable_path/Frameworks @loader_path/Frameworks";
				PRODUCT_BUNDLE_IDENTIFIER = net.yaslab.ZipArchive;
				PRODUCT_NAME = "$(TARGET_NAME)";
				SKIP_INSTALL = YES;
				SWIFT_VERSION = 3.0;
			};
			name = Release;
		};
		0E8971FB1DC7A6DB00948777 /* Debug */ = {
			isa = XCBuildConfiguration;
			buildSettings = {
				CODE_SIGN_IDENTITY = "-";
				COMBINE_HIDPI_IMAGES = YES;
				DEFINES_MODULE = YES;
				DYLIB_COMPATIBILITY_VERSION = 1;
				DYLIB_CURRENT_VERSION = 1;
				DYLIB_INSTALL_NAME_BASE = "@rpath";
				FRAMEWORK_VERSION = A;
				INFOPLIST_FILE = Sources/Info.plist;
				INSTALL_PATH = "$(LOCAL_LIBRARY_DIR)/Frameworks";
				LD_RUNPATH_SEARCH_PATHS = "$(inherited) @executable_path/../Frameworks @loader_path/Frameworks";
				PRODUCT_BUNDLE_IDENTIFIER = net.yaslab.ZipArchive;
				PRODUCT_NAME = ZipArchive;
				SDKROOT = macosx;
				SKIP_INSTALL = YES;
				SWIFT_VERSION = 3.0;
			};
			name = Debug;
		};
		0E8971FC1DC7A6DB00948777 /* Release */ = {
			isa = XCBuildConfiguration;
			buildSettings = {
				CODE_SIGN_IDENTITY = "-";
				COMBINE_HIDPI_IMAGES = YES;
				DEFINES_MODULE = YES;
				DYLIB_COMPATIBILITY_VERSION = 1;
				DYLIB_CURRENT_VERSION = 1;
				DYLIB_INSTALL_NAME_BASE = "@rpath";
				FRAMEWORK_VERSION = A;
				INFOPLIST_FILE = Sources/Info.plist;
				INSTALL_PATH = "$(LOCAL_LIBRARY_DIR)/Frameworks";
				LD_RUNPATH_SEARCH_PATHS = "$(inherited) @executable_path/../Frameworks @loader_path/Frameworks";
				PRODUCT_BUNDLE_IDENTIFIER = net.yaslab.ZipArchive;
				PRODUCT_NAME = ZipArchive;
				SDKROOT = macosx;
				SKIP_INSTALL = YES;
				SWIFT_VERSION = 3.0;
			};
			name = Release;
		};
		0E89722E1DC7A88800948777 /* Debug */ = {
			isa = XCBuildConfiguration;
			buildSettings = {
				ALWAYS_EMBED_SWIFT_STANDARD_LIBRARIES = YES;
				CODE_SIGN_IDENTITY = "-";
				COMBINE_HIDPI_IMAGES = YES;
				INFOPLIST_FILE = Tests/Info.plist;
				LD_RUNPATH_SEARCH_PATHS = "$(inherited) @executable_path/../Frameworks @loader_path/../Frameworks";
				PRODUCT_BUNDLE_IDENTIFIER = net.yaslab.ZipArchiveTests;
				PRODUCT_NAME = "$(TARGET_NAME)";
				SDKROOT = macosx;
				SWIFT_VERSION = 3.0;
			};
			name = Debug;
		};
		0E89722F1DC7A88800948777 /* Release */ = {
			isa = XCBuildConfiguration;
			buildSettings = {
				ALWAYS_EMBED_SWIFT_STANDARD_LIBRARIES = YES;
				CODE_SIGN_IDENTITY = "-";
				COMBINE_HIDPI_IMAGES = YES;
				INFOPLIST_FILE = Tests/Info.plist;
				LD_RUNPATH_SEARCH_PATHS = "$(inherited) @executable_path/../Frameworks @loader_path/../Frameworks";
				PRODUCT_BUNDLE_IDENTIFIER = net.yaslab.ZipArchiveTests;
				PRODUCT_NAME = "$(TARGET_NAME)";
				SDKROOT = macosx;
				SWIFT_VERSION = 3.0;
			};
			name = Release;
		};
/* End XCBuildConfiguration section */

/* Begin XCConfigurationList section */
		0E4483EF1E2364D9003D7E7A /* Build configuration list for PBXNativeTarget "Czlib-macOS" */ = {
			isa = XCConfigurationList;
			buildConfigurations = (
				0E4483F01E2364D9003D7E7A /* Debug */,
				0E4483F11E2364D9003D7E7A /* Release */,
			);
			defaultConfigurationIsVisible = 0;
			defaultConfigurationName = Release;
		};
		0E89715C1DC7A12800948777 /* Build configuration list for PBXProject "ZipArchive" */ = {
			isa = XCConfigurationList;
			buildConfigurations = (
				0E8971681DC7A12800948777 /* Debug */,
				0E8971691DC7A12800948777 /* Release */,
			);
			defaultConfigurationIsVisible = 0;
			defaultConfigurationName = Release;
		};
		0E89716A1DC7A12800948777 /* Build configuration list for PBXNativeTarget "ZipArchive" */ = {
			isa = XCConfigurationList;
			buildConfigurations = (
				0E89716B1DC7A12800948777 /* Debug */,
				0E89716C1DC7A12800948777 /* Release */,
			);
			defaultConfigurationIsVisible = 0;
			defaultConfigurationName = Release;
		};
		0E8971FA1DC7A6DB00948777 /* Build configuration list for PBXNativeTarget "ZipArchive-macOS" */ = {
			isa = XCConfigurationList;
			buildConfigurations = (
				0E8971FB1DC7A6DB00948777 /* Debug */,
				0E8971FC1DC7A6DB00948777 /* Release */,
			);
			defaultConfigurationIsVisible = 0;
			defaultConfigurationName = Release;
		};
		0E89722D1DC7A88800948777 /* Build configuration list for PBXNativeTarget "ZipArchiveTests-macOS" */ = {
			isa = XCConfigurationList;
			buildConfigurations = (
				0E89722E1DC7A88800948777 /* Debug */,
				0E89722F1DC7A88800948777 /* Release */,
			);
			defaultConfigurationIsVisible = 0;
			defaultConfigurationName = Release;
		};
/* End XCConfigurationList section */
	};
	rootObject = 0E8971591DC7A12800948777 /* Project object */;
}
